
Microsoft Visual Studio Solution File, Format Version 12.00
# Visual Studio Version 17
VisualStudioVersion = 17.4.33213.308
MinimumVisualStudioVersion = 10.0.40219.1
Project("{FAE04EC0-301F-11D3-BF4B-00C04F79EFBC}") = "kursachProd", "kursachProd\kursachProd.csproj", "{71872AB1-DDDA-4B62-9204-C3078D2A0861}"
EndProject
Global
	GlobalSection(SolutionConfigurationPlatforms) = preSolution
		Debug|Any CPU = Debug|Any CPU
		Release|Any CPU = Release|Any CPU
	EndGlobalSection
	GlobalSection(ProjectConfigurationPlatforms) = postSolution
		{71872AB1-DDDA-4B62-9204-C3078D2A0861}.Debug|Any CPU.ActiveCfg = Debug|Any CPU
		{71872AB1-DDDA-4B62-9204-C3078D2A0861}.Debug|Any CPU.Build.0 = Debug|Any CPU
		{71872AB1-DDDA-4B62-9204-C3078D2A0861}.Release|Any CPU.ActiveCfg = Release|Any CPU
		{71872AB1-DDDA-4B62-9204-C3078D2A0861}.Release|Any CPU.Build.0 = Release|Any CPU
	EndGlobalSection
	GlobalSection(SolutionProperties) = preSolution
		HideSolutionNode = FALSE
	EndGlobalSection
	GlobalSection(ExtensibilityGlobals) = postSolution
		SolutionGuid = {69CD8F83-4A77-4665-BC8C-276588C0F8CE}
	EndGlobalSection
EndGlobal
